{
  "object": {
    "pins": [
      {
        "package": "ActionButton",
        "repositoryURL": "https://github.com/jerometonnelier/ActionButton",
        "state": {
          "branch": "master",
          "revision": "d3d27b14d00446b435c84664211d0f4f5155c5f8",
          "version": null
        }
      },
      {
        "package": "Alamofire",
        "repositoryURL": "https://github.com/Alamofire/Alamofire",
        "state": {
          "branch": null,
          "revision": "eaf6e622dd41b07b251d8f01752eab31bc811493",
          "version": "5.4.1"
        }
      },
      {
        "package": "Ampersand",
        "repositoryURL": "https://github.com/darjeelingsteve/Ampersand",
        "state": {
          "branch": null,
          "revision": "9498afe66ef14428c80647a4b1046c9aab97655a",
          "version": "1.1.0"
        }
      },
      {
        "package": "ATAConfiguration",
        "repositoryURL": "https://github.com/jerometonnelier/ATAConfiguration",
        "state": {
          "branch": "master",
          "revision": "0c1bb6372ec4b9fca70ea96d406cfe958fd786fc",
          "version": null
        }
      },
      {
        "package": "KCoordinatorKit",
        "repositoryURL": "https://github.com/jerometonnelier/KCoordinatorKit",
        "state": {
          "branch": "master",
          "revision": "20bb96f4f55c366fbeba61e97287bd6ee4a14d03",
          "version": null
        }
      },
      {
        "package": "KExtensions",
        "repositoryURL": "https://github.com/jerometonnelier/KExtensions",
        "state": {
          "branch": "master",
          "revision": "e63748482c3ea6cda875559a600ee0047ba733ef",
          "version": null
        }
      },
      {
        "package": "KStorage",
        "repositoryURL": "https://github.com/jerometonnelier/KStorage",
        "state": {
          "branch": "master",
          "revision": "330de84d7b9601468a842c099c7627069ab92016",
          "version": null
        }
      },
      {
        "package": "NSAttributedStringBuilder",
        "repositoryURL": "https://github.com/ethanhuang13/NSAttributedStringBuilder",
        "state": {
          "branch": null,
          "revision": "4a3b02b8b4baf531490e1ddae8ed4a667bdb12b5",
          "version": "0.3.3"
        }
      },
      {
        "package": "Nuke",
        "repositoryURL": "https://github.com/kean/Nuke",
        "state": {
          "branch": null,
          "revision": "961597d324949c7003c77d602bfc4d5519b47e81",
          "version": "9.2.4"
        }
      },
      {
        "package": "PromiseKit",
        "repositoryURL": "https://github.com/mxcl/PromiseKit",
        "state": {
          "branch": null,
          "revision": "aea48ea1855f5d82e2dffa6027afce3aab8f3dd7",
          "version": "6.13.3"
        }
      },
      {
        "package": "SnapKit",
        "repositoryURL": "https://github.com/SnapKit/SnapKit",
        "state": {
          "branch": null,
          "revision": "d458564516e5676af9c70b4f4b2a9178294f1bc6",
          "version": "5.0.1"
        }
      }
    ]
  },
  "version": 1
}
