{
  "object": {
    "pins": [
      {
        "package": "ActionButton",
        "repositoryURL": "https://github.com/KAIMAN-IOS/ActionButton",
        "state": {
          "branch": "master",
          "revision": "5a8f4d4969719e1f32758af9f61777562ba262e7",
          "version": null
        }
      },
      {
        "package": "Haptica",
        "repositoryURL": "https://github.com/efremidze/Haptica",
        "state": {
          "branch": "master",
          "revision": "4084702c85102c2d17d58e42ec5a750094944864",
          "version": null
        }
      },
      {
        "package": "KCoordinatorKit",
        "repositoryURL": "https://github.com/KAIMAN-IOS/KCoordinatorKit",
        "state": {
          "branch": "master",
          "revision": "20bb96f4f55c366fbeba61e97287bd6ee4a14d03",
          "version": null
        }
      },
      {
        "package": "NSAttributedStringBuilder",
        "repositoryURL": "https://github.com/ethanhuang13/NSAttributedStringBuilder",
        "state": {
          "branch": null,
          "revision": "18662b33975c9ec8c80a1bd9b4e30d09612ee7ee",
          "version": "0.4.1"
        }
      },
      {
        "package": "Peep",
        "repositoryURL": "https://github.com/efremidze/Peep",
        "state": {
          "branch": null,
          "revision": "6ba6217b6fa53d53e635f20ed225261398b32116",
          "version": "3.0.0"
        }
      }
    ]
  },
  "version": 1
}
