// !$*UTF8*$!
{
	archiveVersion = 1;
	classes = {
	};
	objectVersion = 52;
	objects = {

/* Begin PBXBuildFile section */
		C65F94E025B6FA4F007CEC41 /* RideDirectionManager.swift in Sources */ = {isa = PBXBuildFile; fileRef = C65F94DF25B6FA4F007CEC41 /* RideDirectionManager.swift */; };
		C65F94EB25B70DF5007CEC41 /* Poppins-ExtraLight.ttf in Resources */ = {isa = PBXBuildFile; fileRef = C65F94E325B70DF5007CEC41 /* Poppins-ExtraLight.ttf */; };
		C65F94EC25B70DF5007CEC41 /* Poppins-Light.ttf in Resources */ = {isa = PBXBuildFile; fileRef = C65F94E425B70DF5007CEC41 /* Poppins-Light.ttf */; };
		C65F94ED25B70DF5007CEC41 /* Poppins-Medium.ttf in Resources */ = {isa = PBXBuildFile; fileRef = C65F94E525B70DF5007CEC41 /* Poppins-Medium.ttf */; };
		C65F94EE25B70DF5007CEC41 /* Poppins.json in Resources */ = {isa = PBXBuildFile; fileRef = C65F94E625B70DF5007CEC41 /* Poppins.json */; };
		C65F94EF25B70DF5007CEC41 /* Poppins-Regular.ttf in Resources */ = {isa = PBXBuildFile; fileRef = C65F94E725B70DF5007CEC41 /* Poppins-Regular.ttf */; };
		C65F94F025B70DF5007CEC41 /* Poppins-Bold.ttf in Resources */ = {isa = PBXBuildFile; fileRef = C65F94E825B70DF5007CEC41 /* Poppins-Bold.ttf */; };
		C65F94F125B70DF5007CEC41 /* Poppins-Thin.ttf in Resources */ = {isa = PBXBuildFile; fileRef = C65F94E925B70DF5007CEC41 /* Poppins-Thin.ttf */; };
		C65F94F225B70DF5007CEC41 /* Poppins-SemiBold.ttf in Resources */ = {isa = PBXBuildFile; fileRef = C65F94EA25B70DF5007CEC41 /* Poppins-SemiBold.ttf */; };
		C6B5128225B6C45E0046C365 /* AppDelegate.swift in Sources */ = {isa = PBXBuildFile; fileRef = C6B5128125B6C45E0046C365 /* AppDelegate.swift */; };
		C6B5128425B6C45E0046C365 /* SceneDelegate.swift in Sources */ = {isa = PBXBuildFile; fileRef = C6B5128325B6C45E0046C365 /* SceneDelegate.swift */; };
		C6B5128625B6C45E0046C365 /* ViewController.swift in Sources */ = {isa = PBXBuildFile; fileRef = C6B5128525B6C45E0046C365 /* ViewController.swift */; };
		C6B5128925B6C45E0046C365 /* Main.storyboard in Resources */ = {isa = PBXBuildFile; fileRef = C6B5128725B6C45E0046C365 /* Main.storyboard */; };
		C6B5128B25B6C4610046C365 /* Assets.xcassets in Resources */ = {isa = PBXBuildFile; fileRef = C6B5128A25B6C4610046C365 /* Assets.xcassets */; };
		C6B5128E25B6C4610046C365 /* LaunchScreen.storyboard in Resources */ = {isa = PBXBuildFile; fileRef = C6B5128C25B6C4610046C365 /* LaunchScreen.storyboard */; };
		C6B5129825B6C4E00046C365 /* RideHistory in Frameworks */ = {isa = PBXBuildFile; productRef = C6B5129725B6C4E00046C365 /* RideHistory */; };
		C6B512A225B6C5CF0046C365 /* RideAnnotation.swift in Sources */ = {isa = PBXBuildFile; fileRef = C6B5129D25B6C5CF0046C365 /* RideAnnotation.swift */; };
		C6B512A325B6C5CF0046C365 /* DriverAnnotationView.swift in Sources */ = {isa = PBXBuildFile; fileRef = C6B5129E25B6C5CF0046C365 /* DriverAnnotationView.swift */; };
		C6B512A425B6C5CF0046C365 /* RideAnnotationView.swift in Sources */ = {isa = PBXBuildFile; fileRef = C6B5129F25B6C5CF0046C365 /* RideAnnotationView.swift */; };
		C6B512A525B6C5CF0046C365 /* RidePolyline.swift in Sources */ = {isa = PBXBuildFile; fileRef = C6B512A025B6C5CF0046C365 /* RidePolyline.swift */; };
		C6B512A625B6C5CF0046C365 /* DriverAnnotation.swift in Sources */ = {isa = PBXBuildFile; fileRef = C6B512A125B6C5CF0046C365 /* DriverAnnotation.swift */; };
/* End PBXBuildFile section */

/* Begin PBXFileReference section */
		C65DFC3425BAC40C00354AFA /* RideHistory */ = {isa = PBXFileReference; lastKnownFileType = folder; name = RideHistory; path = ..; sourceTree = "<group>"; };
		C65F94DF25B6FA4F007CEC41 /* RideDirectionManager.swift */ = {isa = PBXFileReference; fileEncoding = 4; lastKnownFileType = sourcecode.swift; path = RideDirectionManager.swift; sourceTree = "<group>"; };
		C65F94E325B70DF5007CEC41 /* Poppins-ExtraLight.ttf */ = {isa = PBXFileReference; lastKnownFileType = file; path = "Poppins-ExtraLight.ttf"; sourceTree = "<group>"; };
		C65F94E425B70DF5007CEC41 /* Poppins-Light.ttf */ = {isa = PBXFileReference; lastKnownFileType = file; path = "Poppins-Light.ttf"; sourceTree = "<group>"; };
		C65F94E525B70DF5007CEC41 /* Poppins-Medium.ttf */ = {isa = PBXFileReference; lastKnownFileType = file; path = "Poppins-Medium.ttf"; sourceTree = "<group>"; };
		C65F94E625B70DF5007CEC41 /* Poppins.json */ = {isa = PBXFileReference; fileEncoding = 4; lastKnownFileType = text.json; path = Poppins.json; sourceTree = "<group>"; };
		C65F94E725B70DF5007CEC41 /* Poppins-Regular.ttf */ = {isa = PBXFileReference; lastKnownFileType = file; path = "Poppins-Regular.ttf"; sourceTree = "<group>"; };
		C65F94E825B70DF5007CEC41 /* Poppins-Bold.ttf */ = {isa = PBXFileReference; lastKnownFileType = file; path = "Poppins-Bold.ttf"; sourceTree = "<group>"; };
		C65F94E925B70DF5007CEC41 /* Poppins-Thin.ttf */ = {isa = PBXFileReference; lastKnownFileType = file; path = "Poppins-Thin.ttf"; sourceTree = "<group>"; };
		C65F94EA25B70DF5007CEC41 /* Poppins-SemiBold.ttf */ = {isa = PBXFileReference; lastKnownFileType = file; path = "Poppins-SemiBold.ttf"; sourceTree = "<group>"; };
		C6B5127E25B6C45E0046C365 /* ios-example.app */ = {isa = PBXFileReference; explicitFileType = wrapper.application; includeInIndex = 0; path = "ios-example.app"; sourceTree = BUILT_PRODUCTS_DIR; };
		C6B5128125B6C45E0046C365 /* AppDelegate.swift */ = {isa = PBXFileReference; lastKnownFileType = sourcecode.swift; path = AppDelegate.swift; sourceTree = "<group>"; };
		C6B5128325B6C45E0046C365 /* SceneDelegate.swift */ = {isa = PBXFileReference; lastKnownFileType = sourcecode.swift; path = SceneDelegate.swift; sourceTree = "<group>"; };
		C6B5128525B6C45E0046C365 /* ViewController.swift */ = {isa = PBXFileReference; lastKnownFileType = sourcecode.swift; path = ViewController.swift; sourceTree = "<group>"; };
		C6B5128825B6C45E0046C365 /* Base */ = {isa = PBXFileReference; lastKnownFileType = file.storyboard; name = Base; path = Base.lproj/Main.storyboard; sourceTree = "<group>"; };
		C6B5128A25B6C4610046C365 /* Assets.xcassets */ = {isa = PBXFileReference; lastKnownFileType = folder.assetcatalog; path = Assets.xcassets; sourceTree = "<group>"; };
		C6B5128D25B6C4610046C365 /* Base */ = {isa = PBXFileReference; lastKnownFileType = file.storyboard; name = Base; path = Base.lproj/LaunchScreen.storyboard; sourceTree = "<group>"; };
		C6B5128F25B6C4610046C365 /* Info.plist */ = {isa = PBXFileReference; lastKnownFileType = text.plist.xml; path = Info.plist; sourceTree = "<group>"; };
		C6B5129D25B6C5CF0046C365 /* RideAnnotation.swift */ = {isa = PBXFileReference; fileEncoding = 4; lastKnownFileType = sourcecode.swift; path = RideAnnotation.swift; sourceTree = "<group>"; };
		C6B5129E25B6C5CF0046C365 /* DriverAnnotationView.swift */ = {isa = PBXFileReference; fileEncoding = 4; lastKnownFileType = sourcecode.swift; path = DriverAnnotationView.swift; sourceTree = "<group>"; };
		C6B5129F25B6C5CF0046C365 /* RideAnnotationView.swift */ = {isa = PBXFileReference; fileEncoding = 4; lastKnownFileType = sourcecode.swift; path = RideAnnotationView.swift; sourceTree = "<group>"; };
		C6B512A025B6C5CF0046C365 /* RidePolyline.swift */ = {isa = PBXFileReference; fileEncoding = 4; lastKnownFileType = sourcecode.swift; path = RidePolyline.swift; sourceTree = "<group>"; };
		C6B512A125B6C5CF0046C365 /* DriverAnnotation.swift */ = {isa = PBXFileReference; fileEncoding = 4; lastKnownFileType = sourcecode.swift; path = DriverAnnotation.swift; sourceTree = "<group>"; };
/* End PBXFileReference section */

/* Begin PBXFrameworksBuildPhase section */
		C6B5127B25B6C45E0046C365 /* Frameworks */ = {
			isa = PBXFrameworksBuildPhase;
			buildActionMask = 2147483647;
			files = (
				C6B5129825B6C4E00046C365 /* RideHistory in Frameworks */,
			);
			runOnlyForDeploymentPostprocessing = 0;
		};
/* End PBXFrameworksBuildPhase section */

/* Begin PBXGroup section */
		C65F94E225B70DF5007CEC41 /* Fonts */ = {
			isa = PBXGroup;
			children = (
				C65F94E325B70DF5007CEC41 /* Poppins-ExtraLight.ttf */,
				C65F94E425B70DF5007CEC41 /* Poppins-Light.ttf */,
				C65F94E525B70DF5007CEC41 /* Poppins-Medium.ttf */,
				C65F94E625B70DF5007CEC41 /* Poppins.json */,
				C65F94E725B70DF5007CEC41 /* Poppins-Regular.ttf */,
				C65F94E825B70DF5007CEC41 /* Poppins-Bold.ttf */,
				C65F94E925B70DF5007CEC41 /* Poppins-Thin.ttf */,
				C65F94EA25B70DF5007CEC41 /* Poppins-SemiBold.ttf */,
			);
			path = Fonts;
			sourceTree = "<group>";
		};
		C6B5127525B6C45E0046C365 = {
			isa = PBXGroup;
			children = (
				C65DFC3425BAC40C00354AFA /* RideHistory */,
				C6B5128025B6C45E0046C365 /* ios-example */,
				C6B5127F25B6C45E0046C365 /* Products */,
			);
			sourceTree = "<group>";
		};
		C6B5127F25B6C45E0046C365 /* Products */ = {
			isa = PBXGroup;
			children = (
				C6B5127E25B6C45E0046C365 /* ios-example.app */,
			);
			name = Products;
			sourceTree = "<group>";
		};
		C6B5128025B6C45E0046C365 /* ios-example */ = {
			isa = PBXGroup;
			children = (
				C65F94DF25B6FA4F007CEC41 /* RideDirectionManager.swift */,
				C65F94E225B70DF5007CEC41 /* Fonts */,
				C6B5129C25B6C5CF0046C365 /* Common */,
				C6B5128125B6C45E0046C365 /* AppDelegate.swift */,
				C6B5128325B6C45E0046C365 /* SceneDelegate.swift */,
				C6B5128525B6C45E0046C365 /* ViewController.swift */,
				C6B5128725B6C45E0046C365 /* Main.storyboard */,
				C6B5128A25B6C4610046C365 /* Assets.xcassets */,
				C6B5128C25B6C4610046C365 /* LaunchScreen.storyboard */,
				C6B5128F25B6C4610046C365 /* Info.plist */,
			);
			path = "ios-example";
			sourceTree = "<group>";
		};
		C6B5129C25B6C5CF0046C365 /* Common */ = {
			isa = PBXGroup;
			children = (
				C6B5129D25B6C5CF0046C365 /* RideAnnotation.swift */,
				C6B5129E25B6C5CF0046C365 /* DriverAnnotationView.swift */,
				C6B5129F25B6C5CF0046C365 /* RideAnnotationView.swift */,
				C6B512A025B6C5CF0046C365 /* RidePolyline.swift */,
				C6B512A125B6C5CF0046C365 /* DriverAnnotation.swift */,
			);
			path = Common;
			sourceTree = "<group>";
		};
/* End PBXGroup section */

/* Begin PBXNativeTarget section */
		C6B5127D25B6C45E0046C365 /* ios-example */ = {
			isa = PBXNativeTarget;
			buildConfigurationList = C6B5129225B6C4610046C365 /* Build configuration list for PBXNativeTarget "ios-example" */;
			buildPhases = (
				C6B5127A25B6C45E0046C365 /* Sources */,
				C6B5127B25B6C45E0046C365 /* Frameworks */,
				C6B5127C25B6C45E0046C365 /* Resources */,
			);
			buildRules = (
			);
			dependencies = (
			);
			name = "ios-example";
			packageProductDependencies = (
				C6B5129725B6C4E00046C365 /* RideHistory */,
			);
			productName = "ios-example";
			productReference = C6B5127E25B6C45E0046C365 /* ios-example.app */;
			productType = "com.apple.product-type.application";
		};
/* End PBXNativeTarget section */

/* Begin PBXProject section */
		C6B5127625B6C45E0046C365 /* Project object */ = {
			isa = PBXProject;
			attributes = {
				LastSwiftUpdateCheck = 1230;
				LastUpgradeCheck = 1230;
				TargetAttributes = {
					C6B5127D25B6C45E0046C365 = {
						CreatedOnToolsVersion = 12.3;
					};
				};
			};
			buildConfigurationList = C6B5127925B6C45E0046C365 /* Build configuration list for PBXProject "ios-example" */;
			compatibilityVersion = "Xcode 9.3";
			developmentRegion = en;
			hasScannedForEncodings = 0;
			knownRegions = (
				en,
				Base,
			);
			mainGroup = C6B5127525B6C45E0046C365;
			packageReferences = (
				C6B5129625B6C4E00046C365 /* XCRemoteSwiftPackageReference "RideHistory" */,
			);
			productRefGroup = C6B5127F25B6C45E0046C365 /* Products */;
			projectDirPath = "";
			projectRoot = "";
			targets = (
				C6B5127D25B6C45E0046C365 /* ios-example */,
			);
		};
/* End PBXProject section */

/* Begin PBXResourcesBuildPhase section */
		C6B5127C25B6C45E0046C365 /* Resources */ = {
			isa = PBXResourcesBuildPhase;
			buildActionMask = 2147483647;
			files = (
				C65F94EB25B70DF5007CEC41 /* Poppins-ExtraLight.ttf in Resources */,
				C65F94F025B70DF5007CEC41 /* Poppins-Bold.ttf in Resources */,
				C65F94F225B70DF5007CEC41 /* Poppins-SemiBold.ttf in Resources */,
				C65F94EC25B70DF5007CEC41 /* Poppins-Light.ttf in Resources */,
				C6B5128E25B6C4610046C365 /* LaunchScreen.storyboard in Resources */,
				C65F94ED25B70DF5007CEC41 /* Poppins-Medium.ttf in Resources */,
				C6B5128B25B6C4610046C365 /* Assets.xcassets in Resources */,
				C6B5128925B6C45E0046C365 /* Main.storyboard in Resources */,
				C65F94EE25B70DF5007CEC41 /* Poppins.json in Resources */,
				C65F94EF25B70DF5007CEC41 /* Poppins-Regular.ttf in Resources */,
				C65F94F125B70DF5007CEC41 /* Poppins-Thin.ttf in Resources */,
			);
			runOnlyForDeploymentPostprocessing = 0;
		};
/* End PBXResourcesBuildPhase section */

/* Begin PBXSourcesBuildPhase section */
		C6B5127A25B6C45E0046C365 /* Sources */ = {
			isa = PBXSourcesBuildPhase;
			buildActionMask = 2147483647;
			files = (
				C6B512A625B6C5CF0046C365 /* DriverAnnotation.swift in Sources */,
				C6B512A325B6C5CF0046C365 /* DriverAnnotationView.swift in Sources */,
				C6B512A525B6C5CF0046C365 /* RidePolyline.swift in Sources */,
				C6B512A425B6C5CF0046C365 /* RideAnnotationView.swift in Sources */,
				C6B5128625B6C45E0046C365 /* ViewController.swift in Sources */,
				C6B5128225B6C45E0046C365 /* AppDelegate.swift in Sources */,
				C6B512A225B6C5CF0046C365 /* RideAnnotation.swift in Sources */,
				C6B5128425B6C45E0046C365 /* SceneDelegate.swift in Sources */,
				C65F94E025B6FA4F007CEC41 /* RideDirectionManager.swift in Sources */,
			);
			runOnlyForDeploymentPostprocessing = 0;
		};
/* End PBXSourcesBuildPhase section */

/* Begin PBXVariantGroup section */
		C6B5128725B6C45E0046C365 /* Main.storyboard */ = {
			isa = PBXVariantGroup;
			children = (
				C6B5128825B6C45E0046C365 /* Base */,
			);
			name = Main.storyboard;
			sourceTree = "<group>";
		};
		C6B5128C25B6C4610046C365 /* LaunchScreen.storyboard */ = {
			isa = PBXVariantGroup;
			children = (
				C6B5128D25B6C4610046C365 /* Base */,
			);
			name = LaunchScreen.storyboard;
			sourceTree = "<group>";
		};
/* End PBXVariantGroup section */

/* Begin XCBuildConfiguration section */
		C6B5129025B6C4610046C365 /* Debug */ = {
			isa = XCBuildConfiguration;
			buildSettings = {
				ALWAYS_SEARCH_USER_PATHS = NO;
				CLANG_ANALYZER_NONNULL = YES;
				CLANG_ANALYZER_NUMBER_OBJECT_CONVERSION = YES_AGGRESSIVE;
				CLANG_CXX_LANGUAGE_STANDARD = "gnu++14";
				CLANG_CXX_LIBRARY = "libc++";
				CLANG_ENABLE_MODULES = YES;
				CLANG_ENABLE_OBJC_ARC = YES;
				CLANG_ENABLE_OBJC_WEAK = YES;
				CLANG_WARN_BLOCK_CAPTURE_AUTORELEASING = YES;
				CLANG_WARN_BOOL_CONVERSION = YES;
				CLANG_WARN_COMMA = YES;
				CLANG_WARN_CONSTANT_CONVERSION = YES;
				CLANG_WARN_DEPRECATED_OBJC_IMPLEMENTATIONS = YES;
				CLANG_WARN_DIRECT_OBJC_ISA_USAGE = YES_ERROR;
				CLANG_WARN_DOCUMENTATION_COMMENTS = YES;
				CLANG_WARN_EMPTY_BODY = YES;
				CLANG_WARN_ENUM_CONVERSION = YES;
				CLANG_WARN_INFINITE_RECURSION = YES;
				CLANG_WARN_INT_CONVERSION = YES;
				CLANG_WARN_NON_LITERAL_NULL_CONVERSION = YES;
				CLANG_WARN_OBJC_IMPLICIT_RETAIN_SELF = YES;
				CLANG_WARN_OBJC_LITERAL_CONVERSION = YES;
				CLANG_WARN_OBJC_ROOT_CLASS = YES_ERROR;
				CLANG_WARN_QUOTED_INCLUDE_IN_FRAMEWORK_HEADER = YES;
				CLANG_WARN_RANGE_LOOP_ANALYSIS = YES;
				CLANG_WARN_STRICT_PROTOTYPES = YES;
				CLANG_WARN_SUSPICIOUS_MOVE = YES;
				CLANG_WARN_UNGUARDED_AVAILABILITY = YES_AGGRESSIVE;
				CLANG_WARN_UNREACHABLE_CODE = YES;
				CLANG_WARN__DUPLICATE_METHOD_MATCH = YES;
				COPY_PHASE_STRIP = NO;
				DEBUG_INFORMATION_FORMAT = dwarf;
				ENABLE_STRICT_OBJC_MSGSEND = YES;
				ENABLE_TESTABILITY = YES;
				GCC_C_LANGUAGE_STANDARD = gnu11;
				GCC_DYNAMIC_NO_PIC = NO;
				GCC_NO_COMMON_BLOCKS = YES;
				GCC_OPTIMIZATION_LEVEL = 0;
				GCC_PREPROCESSOR_DEFINITIONS = (
					"DEBUG=1",
					"$(inherited)",
				);
				GCC_WARN_64_TO_32_BIT_CONVERSION = YES;
				GCC_WARN_ABOUT_RETURN_TYPE = YES_ERROR;
				GCC_WARN_UNDECLARED_SELECTOR = YES;
				GCC_WARN_UNINITIALIZED_AUTOS = YES_AGGRESSIVE;
				GCC_WARN_UNUSED_FUNCTION = YES;
				GCC_WARN_UNUSED_VARIABLE = YES;
				IPHONEOS_DEPLOYMENT_TARGET = 14.3;
				MTL_ENABLE_DEBUG_INFO = INCLUDE_SOURCE;
				MTL_FAST_MATH = YES;
				ONLY_ACTIVE_ARCH = YES;
				SDKROOT = iphoneos;
				SWIFT_ACTIVE_COMPILATION_CONDITIONS = DEBUG;
				SWIFT_OPTIMIZATION_LEVEL = "-Onone";
			};
			name = Debug;
		};
		C6B5129125B6C4610046C365 /* Release */ = {
			isa = XCBuildConfiguration;
			buildSettings = {
				ALWAYS_SEARCH_USER_PATHS = NO;
				CLANG_ANALYZER_NONNULL = YES;
				CLANG_ANALYZER_NUMBER_OBJECT_CONVERSION = YES_AGGRESSIVE;
				CLANG_CXX_LANGUAGE_STANDARD = "gnu++14";
				CLANG_CXX_LIBRARY = "libc++";
				CLANG_ENABLE_MODULES = YES;
				CLANG_ENABLE_OBJC_ARC = YES;
				CLANG_ENABLE_OBJC_WEAK = YES;
				CLANG_WARN_BLOCK_CAPTURE_AUTORELEASING = YES;
				CLANG_WARN_BOOL_CONVERSION = YES;
				CLANG_WARN_COMMA = YES;
				CLANG_WARN_CONSTANT_CONVERSION = YES;
				CLANG_WARN_DEPRECATED_OBJC_IMPLEMENTATIONS = YES;
				CLANG_WARN_DIRECT_OBJC_ISA_USAGE = YES_ERROR;
				CLANG_WARN_DOCUMENTATION_COMMENTS = YES;
				CLANG_WARN_EMPTY_BODY = YES;
				CLANG_WARN_ENUM_CONVERSION = YES;
				CLANG_WARN_INFINITE_RECURSION = YES;
				CLANG_WARN_INT_CONVERSION = YES;
				CLANG_WARN_NON_LITERAL_NULL_CONVERSION = YES;
				CLANG_WARN_OBJC_IMPLICIT_RETAIN_SELF = YES;
				CLANG_WARN_OBJC_LITERAL_CONVERSION = YES;
				CLANG_WARN_OBJC_ROOT_CLASS = YES_ERROR;
				CLANG_WARN_QUOTED_INCLUDE_IN_FRAMEWORK_HEADER = YES;
				CLANG_WARN_RANGE_LOOP_ANALYSIS = YES;
				CLANG_WARN_STRICT_PROTOTYPES = YES;
				CLANG_WARN_SUSPICIOUS_MOVE = YES;
				CLANG_WARN_UNGUARDED_AVAILABILITY = YES_AGGRESSIVE;
				CLANG_WARN_UNREACHABLE_CODE = YES;
				CLANG_WARN__DUPLICATE_METHOD_MATCH = YES;
				COPY_PHASE_STRIP = NO;
				DEBUG_INFORMATION_FORMAT = "dwarf-with-dsym";
				ENABLE_NS_ASSERTIONS = NO;
				ENABLE_STRICT_OBJC_MSGSEND = YES;
				GCC_C_LANGUAGE_STANDARD = gnu11;
				GCC_NO_COMMON_BLOCKS = YES;
				GCC_WARN_64_TO_32_BIT_CONVERSION = YES;
				GCC_WARN_ABOUT_RETURN_TYPE = YES_ERROR;
				GCC_WARN_UNDECLARED_SELECTOR = YES;
				GCC_WARN_UNINITIALIZED_AUTOS = YES_AGGRESSIVE;
				GCC_WARN_UNUSED_FUNCTION = YES;
				GCC_WARN_UNUSED_VARIABLE = YES;
				IPHONEOS_DEPLOYMENT_TARGET = 14.3;
				MTL_ENABLE_DEBUG_INFO = NO;
				MTL_FAST_MATH = YES;
				SDKROOT = iphoneos;
				SWIFT_COMPILATION_MODE = wholemodule;
				SWIFT_OPTIMIZATION_LEVEL = "-O";
				VALIDATE_PRODUCT = YES;
			};
			name = Release;
		};
		C6B5129325B6C4610046C365 /* Debug */ = {
			isa = XCBuildConfiguration;
			buildSettings = {
				ASSETCATALOG_COMPILER_APPICON_NAME = AppIcon;
				ASSETCATALOG_COMPILER_GLOBAL_ACCENT_COLOR_NAME = AccentColor;
				CODE_SIGN_STYLE = Automatic;
				DEVELOPMENT_TEAM = R8CKJFJ8PK;
				INFOPLIST_FILE = "ios-example/Info.plist";
				LD_RUNPATH_SEARCH_PATHS = (
					"$(inherited)",
					"@executable_path/Frameworks",
				);
				PRODUCT_BUNDLE_IDENTIFIER = "com.kaiman.ios-example";
				PRODUCT_NAME = "$(TARGET_NAME)";
				SWIFT_VERSION = 5.0;
				TARGETED_DEVICE_FAMILY = "1,2";
			};
			name = Debug;
		};
		C6B5129425B6C4610046C365 /* Release */ = {
			isa = XCBuildConfiguration;
			buildSettings = {
				ASSETCATALOG_COMPILER_APPICON_NAME = AppIcon;
				ASSETCATALOG_COMPILER_GLOBAL_ACCENT_COLOR_NAME = AccentColor;
				CODE_SIGN_STYLE = Automatic;
				DEVELOPMENT_TEAM = R8CKJFJ8PK;
				INFOPLIST_FILE = "ios-example/Info.plist";
				LD_RUNPATH_SEARCH_PATHS = (
					"$(inherited)",
					"@executable_path/Frameworks",
				);
				PRODUCT_BUNDLE_IDENTIFIER = "com.kaiman.ios-example";
				PRODUCT_NAME = "$(TARGET_NAME)";
				SWIFT_VERSION = 5.0;
				TARGETED_DEVICE_FAMILY = "1,2";
			};
			name = Release;
		};
/* End XCBuildConfiguration section */

/* Begin XCConfigurationList section */
		C6B5127925B6C45E0046C365 /* Build configuration list for PBXProject "ios-example" */ = {
			isa = XCConfigurationList;
			buildConfigurations = (
				C6B5129025B6C4610046C365 /* Debug */,
				C6B5129125B6C4610046C365 /* Release */,
			);
			defaultConfigurationIsVisible = 0;
			defaultConfigurationName = Release;
		};
		C6B5129225B6C4610046C365 /* Build configuration list for PBXNativeTarget "ios-example" */ = {
			isa = XCConfigurationList;
			buildConfigurations = (
				C6B5129325B6C4610046C365 /* Debug */,
				C6B5129425B6C4610046C365 /* Release */,
			);
			defaultConfigurationIsVisible = 0;
			defaultConfigurationName = Release;
		};
/* End XCConfigurationList section */

/* Begin XCRemoteSwiftPackageReference section */
		C6B5129625B6C4E00046C365 /* XCRemoteSwiftPackageReference "RideHistory" */ = {
			isa = XCRemoteSwiftPackageReference;
			repositoryURL = "https://github.com/jerometonnelier/RideHistory";
			requirement = {
				branch = master;
				kind = branch;
			};
		};
/* End XCRemoteSwiftPackageReference section */

/* Begin XCSwiftPackageProductDependency section */
		C6B5129725B6C4E00046C365 /* RideHistory */ = {
			isa = XCSwiftPackageProductDependency;
			package = C6B5129625B6C4E00046C365 /* XCRemoteSwiftPackageReference "RideHistory" */;
			productName = RideHistory;
		};
/* End XCSwiftPackageProductDependency section */
	};
	rootObject = C6B5127625B6C45E0046C365 /* Project object */;
}
